{
  "name": "stas-mini-app",
  "private": true,
  "version": "1.0.0",
  "type": "module",
  "scripts": {
    "start": "vite",
    "build": "vite build",
    "deploy": "vite build && vk-miniapps-deploy"
  },
  "dependencies": {
    "@vkontakte/vk-bridge": "^3.0.2"
  },
  "devDependencies": {
    "@vitejs/plugin-react": "^4.3.4",
    "@vkontakte/vk-miniapps-deploy": "^1.0.2",
    "vite": "^5.4.14"
  }
}